
Microsoft Visual Studio Solution File, Format Version 12.00
# Visual Studio Version 17
VisualStudioVersion = 17.0.31903.59
MinimumVisualStudioVersion = 10.0.40219.1
Project("{9A19103F-16F7-4668-BE54-9A1E7A4F7556}") = "Nox.Utilities.PhoneNumberInfo", "Nox.Utilities.PhoneNumberInfo\Nox.Utilities.PhoneNumberInfo.csproj", "{2CD29F31-BCE5-460F-BF45-84FC3D4E671C}"
EndProject
Project("{9A19103F-16F7-4668-BE54-9A1E7A4F7556}") = "PhoneNumberInfo.tests", "..\tests\PhoneNumberInfo.tests\PhoneNumberInfo.tests.csproj", "{9F18A9DD-C3CE-4670-8DCB-2B402FE07E67}"
EndProject
Global
	GlobalSection(SolutionConfigurationPlatforms) = preSolution
		Debug|Any CPU = Debug|Any CPU
		Release|Any CPU = Release|Any CPU
	EndGlobalSection
	GlobalSection(ProjectConfigurationPlatforms) = postSolution
		{2CD29F31-BCE5-460F-BF45-84FC3D4E671C}.Debug|Any CPU.ActiveCfg = Debug|Any CPU
		{2CD29F31-BCE5-460F-BF45-84FC3D4E671C}.Debug|Any CPU.Build.0 = Debug|Any CPU
		{2CD29F31-BCE5-460F-BF45-84FC3D4E671C}.Release|Any CPU.ActiveCfg = Release|Any CPU
		{2CD29F31-BCE5-460F-BF45-84FC3D4E671C}.Release|Any CPU.Build.0 = Release|Any CPU
		{9F18A9DD-C3CE-4670-8DCB-2B402FE07E67}.Debug|Any CPU.ActiveCfg = Debug|Any CPU
		{9F18A9DD-C3CE-4670-8DCB-2B402FE07E67}.Debug|Any CPU.Build.0 = Debug|Any CPU
		{9F18A9DD-C3CE-4670-8DCB-2B402FE07E67}.Release|Any CPU.ActiveCfg = Release|Any CPU
		{9F18A9DD-C3CE-4670-8DCB-2B402FE07E67}.Release|Any CPU.Build.0 = Release|Any CPU
	EndGlobalSection
	GlobalSection(SolutionProperties) = preSolution
		HideSolutionNode = FALSE
	EndGlobalSection
	GlobalSection(ExtensibilityGlobals) = postSolution
		SolutionGuid = {1DCBE456-0BDD-4658-8E65-DFA8E75C1B8D}
	EndGlobalSection
EndGlobal
